{
   "name": "ioa-ts",
   "version": "20.0.0",
   "lockfileVersion": 2,
   "requires": true,
   "packages": {
      "": {
         "name": "ioa-ts",
         "version": "20.0.0",
         "license": "ISC",
         "dependencies": {
            "@ioa/config": "^20.0.0",
            "@ioa/http": "^20.0.5",
            "@koa/cors": "^3.0.0",
            "ioa": "^20.0.5"
         },
         "devDependencies": {
            "@types/node": "^16.4.13",
            "axios": "^0.26.1",
            "reflect-metadata": "^0.1.13"
         }
      },
      "../../../../../../usr/local/lib/node_modules/jtm/symlink": {
         "name": "jtm",
         "extraneous": true
      },
      "node_modules/@ioa/api": {
         "version": "20.0.4",
         "resolved": "https://registry.npmjs.org/@ioa/api/-/api-20.0.4.tgz",
         "integrity": "sha512-THta/PMgqh4pWoJ8Bof9kqKI7nBpYL+QU8wRWFgoTKNhbT/tjm+RHGXF5SeGmpF7246sBV63/H+TECCjB6I2eg=="
      },
      "node_modules/@ioa/config": {
         "version": "20.0.0",
         "resolved": "https://registry.npmjs.org/@ioa/config/-/config-20.0.0.tgz",
         "integrity": "sha512-TD1JV0noGbTcTQsVq7ZqMaKusYr695m8bc6I+vmDqHRSSaATrpGcygF2xruVu6IlL+wvXzvP8DaXnyPgZvd5EA=="
      },
      "node_modules/@ioa/http": {
         "version": "20.0.5",
         "resolved": "https://registry.npmjs.org/@ioa/http/-/http-20.0.5.tgz",
         "integrity": "sha512-t6wehRx4CTmGBqsj/pzPqFyoVBUWG2Tp7ZN2CgcCcG7eR/tLWKjBF9RhgK7y911NY8hqPhRuINNzIF3nZ29afA==",
         "dependencies": {
            "@ioa/api": "^20.0.4",
            "ioa": "^20.0.3"
         }
      },
      "node_modules/@koa/cors": {
         "version": "3.3.0",
         "resolved": "https://registry.npmjs.org/@koa/cors/-/cors-3.3.0.tgz",
         "integrity": "sha512-lzlkqLlL5Ond8jb6JLnVVDmD2OPym0r5kvZlMgAWiS9xle+Q5ulw1T358oW+RVguxUkANquZQz82i/STIRmsqQ==",
         "dependencies": {
            "vary": "^1.1.2"
         },
         "engines": {
            "node": ">= 8.0.0"
         }
      },
      "node_modules/@types/node": {
         "version": "16.4.13",
         "dev": true,
         "license": "MIT"
      },
      "node_modules/axios": {
         "version": "0.26.1",
         "resolved": "https://registry.npmjs.org/axios/-/axios-0.26.1.tgz",
         "integrity": "sha512-fPwcX4EvnSHuInCMItEhAGnaSEXRBjtzh9fOtsE6E1G6p7vl7edEeZe11QHf18+6+9gR5PbKV/sGKNaD8YaMeA==",
         "dev": true,
         "dependencies": {
            "follow-redirects": "^1.14.8"
         }
      },
      "node_modules/consoln": {
         "version": "3.0.6",
         "resolved": "https://registry.npmjs.org/consoln/-/consoln-3.0.6.tgz",
         "integrity": "sha512-dlrHd7xEBfm3HdC7V0qImZCx8W6Xs+m2Q0cP2oSNRHR2creBvRoYHADDfwhSecK6lGTkspDR28a2Bt/ZAq2V0g=="
      },
      "node_modules/follow-redirects": {
         "version": "1.14.9",
         "resolved": "https://registry.npmjs.org/follow-redirects/-/follow-redirects-1.14.9.tgz",
         "integrity": "sha512-MQDfihBQYMcyy5dhRDJUHcw7lb2Pv/TuE6xP1vyraLukNDHKbDxDNaOE3NbCAdKQApno+GPRyo1YAp89yCjK4w==",
         "dev": true,
         "funding": [
            {
               "type": "individual",
               "url": "https://github.com/sponsors/RubenVerborgh"
            }
         ],
         "engines": {
            "node": ">=4.0"
         },
         "peerDependenciesMeta": {
            "debug": {
               "optional": true
            }
         }
      },
      "node_modules/ioa": {
         "version": "20.0.5",
         "resolved": "https://registry.npmjs.org/ioa/-/ioa-20.0.5.tgz",
         "integrity": "sha512-rsbcs9GQQfsxnVu95AVHE/pEWi7g9b5Wd4sn+L5kr7HEVE07CkhHK/F1Um0QVfe+EPnY+n6Tp53A06M/Ri48vw==",
         "dependencies": {
            "consoln": "^3.0.5"
         },
         "engines": {
            "node": ">= 16.0.0"
         }
      },
      "node_modules/reflect-metadata": {
         "version": "0.1.13",
         "resolved": "https://registry.npmjs.org/reflect-metadata/-/reflect-metadata-0.1.13.tgz",
         "integrity": "sha512-Ts1Y/anZELhSsjMcU605fU9RE4Oi3p5ORujwbIKXfWa+0Zxs510Qrmrce5/Jowq3cHSZSJqBjypxmHarc+vEWg==",
         "dev": true
      },
      "node_modules/vary": {
         "version": "1.1.2",
         "license": "MIT",
         "engines": {
            "node": ">= 0.8"
         }
      }
   },
   "dependencies": {
      "@ioa/api": {
         "version": "20.0.4",
         "resolved": "https://registry.npmjs.org/@ioa/api/-/api-20.0.4.tgz",
         "integrity": "sha512-THta/PMgqh4pWoJ8Bof9kqKI7nBpYL+QU8wRWFgoTKNhbT/tjm+RHGXF5SeGmpF7246sBV63/H+TECCjB6I2eg=="
      },
      "@ioa/config": {
         "version": "20.0.0",
         "resolved": "https://registry.npmjs.org/@ioa/config/-/config-20.0.0.tgz",
         "integrity": "sha512-TD1JV0noGbTcTQsVq7ZqMaKusYr695m8bc6I+vmDqHRSSaATrpGcygF2xruVu6IlL+wvXzvP8DaXnyPgZvd5EA=="
      },
      "@ioa/http": {
         "version": "20.0.5",
         "resolved": "https://registry.npmjs.org/@ioa/http/-/http-20.0.5.tgz",
         "integrity": "sha512-t6wehRx4CTmGBqsj/pzPqFyoVBUWG2Tp7ZN2CgcCcG7eR/tLWKjBF9RhgK7y911NY8hqPhRuINNzIF3nZ29afA==",
         "requires": {
            "@ioa/api": "^20.0.4",
            "ioa": "^20.0.3"
         }
      },
      "@koa/cors": {
         "version": "3.3.0",
         "resolved": "https://registry.npmjs.org/@koa/cors/-/cors-3.3.0.tgz",
         "integrity": "sha512-lzlkqLlL5Ond8jb6JLnVVDmD2OPym0r5kvZlMgAWiS9xle+Q5ulw1T358oW+RVguxUkANquZQz82i/STIRmsqQ==",
         "requires": {
            "vary": "^1.1.2"
         }
      },
      "@types/node": {
         "version": "16.4.13",
         "dev": true
      },
      "axios": {
         "version": "0.26.1",
         "resolved": "https://registry.npmjs.org/axios/-/axios-0.26.1.tgz",
         "integrity": "sha512-fPwcX4EvnSHuInCMItEhAGnaSEXRBjtzh9fOtsE6E1G6p7vl7edEeZe11QHf18+6+9gR5PbKV/sGKNaD8YaMeA==",
         "dev": true,
         "requires": {
            "follow-redirects": "^1.14.8"
         }
      },
      "consoln": {
         "version": "3.0.6",
         "resolved": "https://registry.npmjs.org/consoln/-/consoln-3.0.6.tgz",
         "integrity": "sha512-dlrHd7xEBfm3HdC7V0qImZCx8W6Xs+m2Q0cP2oSNRHR2creBvRoYHADDfwhSecK6lGTkspDR28a2Bt/ZAq2V0g=="
      },
      "follow-redirects": {
         "version": "1.14.9",
         "resolved": "https://registry.npmjs.org/follow-redirects/-/follow-redirects-1.14.9.tgz",
         "integrity": "sha512-MQDfihBQYMcyy5dhRDJUHcw7lb2Pv/TuE6xP1vyraLukNDHKbDxDNaOE3NbCAdKQApno+GPRyo1YAp89yCjK4w==",
         "dev": true
      },
      "ioa": {
         "version": "20.0.5",
         "resolved": "https://registry.npmjs.org/ioa/-/ioa-20.0.5.tgz",
         "integrity": "sha512-rsbcs9GQQfsxnVu95AVHE/pEWi7g9b5Wd4sn+L5kr7HEVE07CkhHK/F1Um0QVfe+EPnY+n6Tp53A06M/Ri48vw==",
         "requires": {
            "consoln": "^3.0.5"
         }
      },
      "reflect-metadata": {
         "version": "0.1.13",
         "resolved": "https://registry.npmjs.org/reflect-metadata/-/reflect-metadata-0.1.13.tgz",
         "integrity": "sha512-Ts1Y/anZELhSsjMcU605fU9RE4Oi3p5ORujwbIKXfWa+0Zxs510Qrmrce5/Jowq3cHSZSJqBjypxmHarc+vEWg==",
         "dev": true
      },
      "vary": {
         "version": "1.1.2"
      }
   }
}
